PODS:
  - Firebase/Core (5.1.0):
    - Firebase/CoreOnly
    - FirebaseAnalytics (= 5.0.1)
  - Firebase/CoreOnly (5.1.0):
    - FirebaseCore (= 5.0.2)
  - firebase_analytics (0.0.1):
    - Firebase/Core
    - Flutter
  - FirebaseAnalytics (5.0.1):
    - FirebaseCore (~> 5.0)
    - FirebaseInstanceID (~> 3.0)
    - "GoogleToolboxForMac/NSData+zlib (~> 2.1)"
    - nanopb (~> 0.3)
  - FirebaseCore (5.0.2):
    - "GoogleToolboxForMac/NSData+zlib (~> 2.1)"
  - FirebaseInstanceID (3.0.0):
    - FirebaseCore (~> 5.0)
  - Flutter (1.0.0)
  - flutter_webview_plugin (0.0.1):
    - Flutter
  - fluttertoast (0.0.2):
    - Flutter
  - GoogleToolboxForMac/Defines (2.1.4)
  - "GoogleToolboxForMac/NSData+zlib (2.1.4)":
    - GoogleToolboxForMac/Defines (= 2.1.4)
  - image_picker_multiple (0.0.1):
    - Flutter
    - TZImagePickerController
  - nanopb (0.3.8):
    - nanopb/decode (= 0.3.8)
    - nanopb/encode (= 0.3.8)
  - nanopb/decode (0.3.8)
  - nanopb/encode (0.3.8)
  - path_provider (0.0.1):
    - Flutter
  - QCloudCore (5.4.4)
  - QCloudCOSXML (5.4.4):
    - QCloudCore (= 5.4.4)
    - QCloudCOSXML/Transfer (= 5.4.4)
  - QCloudCOSXML/Transfer (5.4.4):
    - QCloudCore (= 5.4.4)
  - shared_preferences (0.0.1):
    - Flutter
  - tencent_cos (0.0.1):
    - Flutter
    - QCloudCOSXML
  - TZImagePickerController (2.1.4)
  - video_player (0.0.1):
    - Flutter

DEPENDENCIES:
  - firebase_analytics (from `.symlinks/plugins/firebase_analytics/ios`)
  - Flutter (from `.symlinks/flutter/ios`)
  - flutter_webview_plugin (from `.symlinks/plugins/flutter_webview_plugin/ios`)
  - fluttertoast (from `.symlinks/plugins/fluttertoast/ios`)
  - image_picker_multiple (from `.symlinks/plugins/image_picker_multiple/ios`)
  - path_provider (from `.symlinks/plugins/path_provider/ios`)
  - shared_preferences (from `.symlinks/plugins/shared_preferences/ios`)
  - tencent_cos (from `.symlinks/plugins/tencent_cos/ios`)
  - video_player (from `.symlinks/plugins/video_player/ios`)

SPEC REPOS:
  https://github.com/cocoapods/specs.git:
    - Firebase
    - FirebaseAnalytics
    - FirebaseCore
    - FirebaseInstanceID
    - GoogleToolboxForMac
    - nanopb
    - QCloudCore
    - QCloudCOSXML
    - TZImagePickerController

EXTERNAL SOURCES:
  firebase_analytics:
    :path: ".symlinks/plugins/firebase_analytics/ios"
  Flutter:
    :path: ".symlinks/flutter/ios"
  flutter_webview_plugin:
    :path: ".symlinks/plugins/flutter_webview_plugin/ios"
  fluttertoast:
    :path: ".symlinks/plugins/fluttertoast/ios"
  image_picker_multiple:
    :path: ".symlinks/plugins/image_picker_multiple/ios"
  path_provider:
    :path: ".symlinks/plugins/path_provider/ios"
  shared_preferences:
    :path: ".symlinks/plugins/shared_preferences/ios"
  tencent_cos:
    :path: ".symlinks/plugins/tencent_cos/ios"
  video_player:
    :path: ".symlinks/plugins/video_player/ios"

SPEC CHECKSUMS:
  Firebase: e08fb0795f35707aeb1d8a715c731c45bdf6fd56
  firebase_analytics: fcc60a9de4b8e07aa5af8941303a7f5fe6e0383f
  FirebaseAnalytics: b3628aea54c50464c32c393fb2ea032566e7ecc2
  FirebaseCore: b81044df1044c0857a0737c6324678b72d4f7f00
  FirebaseInstanceID: 83e0040351565df711a5db3d8ebe5ea21aca998a
  Flutter: 9d0fac939486c9aba2809b7982dfdbb47a7b0296
  flutter_webview_plugin: 116575b48572029304775b768e9f15ebfc316274
  fluttertoast: ad0527b15297baf11349f3f581dae4d40f24f340
  GoogleToolboxForMac: 91c824d21e85b31c2aae9bb011c5027c9b4e738f
  image_picker_multiple: ea7a93facd1cb575a7ab8b83ec2875b0b011bbe4
  nanopb: 5601e6bca2dbf1ed831b519092ec110f66982ca3
  path_provider: 09407919825bfe3c2deae39453b7a5b44f467873
  QCloudCore: ac2cb05a8667df2ff45a044f91fdf9300914889c
  QCloudCOSXML: a9bc6427b47364faa91c101052357d729f36c63f
  shared_preferences: 5a1d487c427ee18fcd3ea1f2a131569481834b53
  tencent_cos: b665d901d39487d9874a00334bb6bd7ea06f170f
  TZImagePickerController: 2a8f41ba058e215bc9b699ade241fdbcc910c2bd
  video_player: 906796a841943c8d370ac7c13b18039aa9b56498

PODFILE CHECKSUM: be95a5fd0ffd4b3396ee6f6af0a3f33ab875d9bc

COCOAPODS: 1.5.3
